
Microsoft Visual Studio Solution File, Format Version 12.00
# Visual Studio Version 17
VisualStudioVersion = 17.6.33829.357
MinimumVisualStudioVersion = 10.0.40219.1
Project("{54A90642-561A-4BB1-A94E-469ADEE60C69}") = "client", "client.esproj", "{920DEF15-C01C-47E2-9692-B888ED8B9EE1}"
EndProject
Global
	GlobalSection(SolutionConfigurationPlatforms) = preSolution
		Debug|Any CPU = Debug|Any CPU
		Release|Any CPU = Release|Any CPU
	EndGlobalSection
	GlobalSection(ProjectConfigurationPlatforms) = postSolution
		{920DEF15-C01C-47E2-9692-B888ED8B9EE1}.Debug|Any CPU.ActiveCfg = Debug|Any CPU
		{920DEF15-C01C-47E2-9692-B888ED8B9EE1}.Debug|Any CPU.Build.0 = Debug|Any CPU
		{920DEF15-C01C-47E2-9692-B888ED8B9EE1}.Debug|Any CPU.Deploy.0 = Debug|Any CPU
		{920DEF15-C01C-47E2-9692-B888ED8B9EE1}.Release|Any CPU.ActiveCfg = Release|Any CPU
		{920DEF15-C01C-47E2-9692-B888ED8B9EE1}.Release|Any CPU.Build.0 = Release|Any CPU
		{920DEF15-C01C-47E2-9692-B888ED8B9EE1}.Release|Any CPU.Deploy.0 = Release|Any CPU
	EndGlobalSection
	GlobalSection(SolutionProperties) = preSolution
		HideSolutionNode = FALSE
	EndGlobalSection
	GlobalSection(ExtensibilityGlobals) = postSolution
		SolutionGuid = {866CFE58-51C0-4813-A115-5668D8B68471}
	EndGlobalSection
EndGlobal
